
Microsoft Visual Studio Solution File, Format Version 12.00
# Visual Studio Version 16
VisualStudioVersion = 16.0.29806.167
MinimumVisualStudioVersion = 10.0.40219.1
Project("{FAE04EC0-301F-11D3-BF4B-00C04F79EFBC}") = "Bhaskara", "Bhaskara\Bhaskara.csproj", "{2C193A6A-A487-4394-B40C-DE4541C83337}"
EndProject
Global
	GlobalSection(SolutionConfigurationPlatforms) = preSolution
		Debug|Any CPU = Debug|Any CPU
		Release|Any CPU = Release|Any CPU
	EndGlobalSection
	GlobalSection(ProjectConfigurationPlatforms) = postSolution
		{2C193A6A-A487-4394-B40C-DE4541C83337}.Debug|Any CPU.ActiveCfg = Debug|Any CPU
		{2C193A6A-A487-4394-B40C-DE4541C83337}.Debug|Any CPU.Build.0 = Debug|Any CPU
		{2C193A6A-A487-4394-B40C-DE4541C83337}.Release|Any CPU.ActiveCfg = Release|Any CPU
		{2C193A6A-A487-4394-B40C-DE4541C83337}.Release|Any CPU.Build.0 = Release|Any CPU
	EndGlobalSection
	GlobalSection(SolutionProperties) = preSolution
		HideSolutionNode = FALSE
	EndGlobalSection
	GlobalSection(ExtensibilityGlobals) = postSolution
		SolutionGuid = {8450A414-C1FC-4D5F-8E54-B64CC7A2F533}
	EndGlobalSection
EndGlobal
